
Microsoft Visual Studio Solution File, Format Version 12.00
Project("{FAE04EC0-301F-11D3-BF4B-00C04F79EFBC}") = "EverestModTemplate", "EverestModTemplate\EverestModTemplate.csproj", "{9DC160DC-BACA-4139-A833-7C74F3B3E529}"
EndProject
Global
	GlobalSection(SolutionConfigurationPlatforms) = preSolution
		Debug|Any CPU = Debug|Any CPU
		Release|Any CPU = Release|Any CPU
	EndGlobalSection
	GlobalSection(ProjectConfigurationPlatforms) = postSolution
		{9DC160DC-BACA-4139-A833-7C74F3B3E529}.Debug|Any CPU.ActiveCfg = Debug|Any CPU
		{9DC160DC-BACA-4139-A833-7C74F3B3E529}.Debug|Any CPU.Build.0 = Debug|Any CPU
		{9DC160DC-BACA-4139-A833-7C74F3B3E529}.Release|Any CPU.ActiveCfg = Release|Any CPU
		{9DC160DC-BACA-4139-A833-7C74F3B3E529}.Release|Any CPU.Build.0 = Release|Any CPU
	EndGlobalSection
EndGlobal
